version = 1
revision = 3
requires-python = ">=3.12"

[[package]]
name = "cffi"
version = "2.1.1"
source = { registry = "https://pypi.org/simple" }
dependencies = [
    { name = "pycparser", marker = "implementation_name != 'PyPy'" },
]
sdist = { url = "https://files.pythonhosted.org/packages/9e/ef/008a1939e372c06329a3fce4279c02f328488f3526744906eeec3da7ad5f/cffi-2.1.1.tar.gz", hash = "sha256:dd31f52ea1086513bb9df30f8fcee9b8918323ae067a3d5b78bc826a000712be", size = 530807, upload-time = "2026-08-03T21:21:18.939Z" }
wheels = [
    { url = "https://files.pythonhosted.org/packages/10/69/43965eccfdead3b9220015fd1320e117be8c6ed01a62ffab76eeb752f5d5/cffi-2.1.1-cp312-cp312-macosx_10_15_x86_64.whl", hash = "sha256:c8c69575568085ba0b1b10c0249d779a214aea6f6522e949a0fc9fb0fcb449d0", size = 184821, upload-time = "2026-08-03T21:19:44.887Z" },
    { url = "https://files.pythonhosted.org/packages/54/7d/16e5a096677b5e313ca80cd5e5170efa3ea44624a82bb111925522da64b1/cffi-2.1.1-cp312-cp312-macosx_11_0_arm64.whl", hash = "sha256:f81b3b8f3d4e343550fa4baa0e479bba9f2d29ce9c2e9b51d1ce1718d7442fcf", size = 184719, upload-time = "2026-08-03T21:19:46.129Z" },
    { url = "https://files.pythonhosted.org/packages/56/e6/8941622732edec876dd17d0453dce07317ae96db34f2ec1436c9d3785986/cffi-2.1.1-cp312-cp312-manylinux1_i686.manylinux2014_i686.manylinux_2_17_i686.manylinux_2_5_i686.whl", hash = "sha256:811bd1e21d32de12efca32393a0ab3f5133b54fce9bd44b8bd77ab07da14bf6a", size = 214799, upload-time = "2026-08-03T21:19:47.218Z" },
    { url = "https://files.pythonhosted.org/packages/44/de/f98430906df1545ffde0d543dd124a7a439bc2cd32b36b9c53f805df7333/cffi-2.1.1-cp312-cp312-manylinux2014_aarch64.manylinux_2_17_aarch64.whl", hash = "sha256:68e62fe11f30d5ca8289242866f0a5291402d8529ca2178ab8afc5c9694ae890", size = 222389, upload-time = "2026-08-03T21:19:48.331Z" },
    { url = "https://files.pythonhosted.org/packages/6a/5b/717f1526b9957b34456313c31645c5b82b8fb5c3fe9e4752999be7128bfc/cffi-2.1.1-cp312-cp312-manylinux2014_ppc64le.manylinux_2_17_ppc64le.whl", hash = "sha256:4a7c934f7360e8cd64fe9efadcbd10c7c6364f531e432b9a4bf5ccbc9e0e8b50", size = 210249, upload-time = "2026-08-03T21:19:49.543Z" },
    { url = "https://files.pythonhosted.org/packages/64/b3/f8aa4f3e34986c7e4ec45072d1b1b9dd295b6b18007b45518d79726dd725/cffi-2.1.1-cp312-cp312-manylinux2014_s390x.manylinux_2_17_s390x.whl", hash = "sha256:3143d81e29e1e20a9ce10901ec369012947876596f75a222235965f2b7ae832e", size = 208775, upload-time = "2026-08-03T21:19:50.918Z" },
    { url = "https://files.pythonhosted.org/packages/b1/db/dceb9dd5b231e1da801793f8acc9f3c52a7e1afe40bb1aae37e02b0faad5/cffi-2.1.1-cp312-cp312-manylinux2014_x86_64.manylinux_2_17_x86_64.whl", hash = "sha256:c1453022f490d2459a11819d83ad1d586e9ff65a12ac3e705ffebd46d3685dcf", size = 221822, upload-time = "2026-08-03T21:19:52.054Z" },
    { url = "https://files.pythonhosted.org/packages/a0/d2/6cd24ae3be000a634109c247d1475d62e5616d0dc78c82770942ec384248/cffi-2.1.1-cp312-cp312-musllinux_1_2_aarch64.whl", hash = "sha256:208f941bb9d18e768138677f0a6d2ce01f590df56043dda1df1535ac57c88517", size = 225232, upload-time = "2026-08-03T21:19:53.109Z" },
    { url = "https://files.pythonhosted.org/packages/cb/52/3fa190537004dd7f0ab860a6dc7c0175b8667f68d1e618a46f5498d30250/cffi-2.1.1-cp312-cp312-musllinux_1_2_x86_64.whl", hash = "sha256:210019b6c7cf07f081b4c54635c8cf744377001350e29cc0f81c4377b4797735", size = 223597, upload-time = "2026-08-03T21:19:54.515Z" },
    { url = "https://files.pythonhosted.org/packages/80/fb/0bb75b7039588c074b37ae99f40d9bfddf990ecb2fbc346ebccd2e56b9be/cffi-2.1.1-cp312-cp312-win32.whl", hash = "sha256:046bfc24911b37851ee1b51aab8bffe713d89c68c6a057b09484ce9fd5f69b4e", size = 175292, upload-time = "2026-08-03T21:19:55.566Z" },
    { url = "https://files.pythonhosted.org/packages/d9/79/615cc094e2fb508cade7de88d3b4f6c4ec2bab695c97bce9153dc65aadf5/cffi-2.1.1-cp312-cp312-win_amd64.whl", hash = "sha256:f53e442b08449d42821fa4a4fba000095af9f62742a500f978a9f557ec44339a", size = 185919, upload-time = "2026-08-03T21:19:56.89Z" },
    { url = "https://files.pythonhosted.org/packages/70/c6/d0ea84713fe46b243a436a18fcd47d639732747e21635c8a27191b06dc30/cffi-2.1.1-cp312-cp312-win_arm64.whl", hash = "sha256:7bde5e4cc5c10140859842b9d383af292b22639a4dffb725314baf45968cef80", size = 180093, upload-time = "2026-08-03T21:19:58.155Z" },
    { url = "https://files.pythonhosted.org/packages/9d/f4/035513d4117049066b4779dc3b7c0c0fdad175fa13731c9f4003f1cd1478/cffi-2.1.1-cp313-cp313-ios_13_0_arm64_iphoneos.whl", hash = "sha256:b5bdfd1c873d4e093aabc0ca84c4ca6dbc4f752afb5c86f146d9742580c9da2e", size = 194248, upload-time = "2026-08-03T21:19:59.399Z" },
    { url = "https://files.pythonhosted.org/packages/76/af/2aeb4dbb5fc41a04161ae9ff1518de7cec08e164f44a8ce6a4cf7fd2cd1d/cffi-2.1.1-cp313-cp313-ios_13_0_arm64_iphonesimulator.whl", hash = "sha256:31348097ff5bbe827ccc41795d4dd099d9f0625e7def00ee653c137a490c2a6c", size = 196908, upload-time = "2026-08-03T21:20:00.746Z" },
    { url = "https://files.pythonhosted.org/packages/a7/46/2e5fdde8555706dd98139a910ca11be02809f3f605ce956f655d0214e100/cffi-2.1.1-cp313-cp313-macosx_10_15_x86_64.whl", hash = "sha256:9d2055050ea716bd38b7f7f1579c275386646b4894c155a3e2f3cd62ed41b7c6", size = 184805, upload-time = "2026-08-03T21:20:02.02Z" },
    { url = "https://files.pythonhosted.org/packages/55/41/4c7042f317b9217502988f0873af87e16ad606dc20f84e546e3e6ce9764c/cffi-2.1.1-cp313-cp313-macosx_11_0_arm64.whl", hash = "sha256:19ee6127ee34de7d83ce3d371ebc5ed91addbdcc39f9ab15ce4eb35a4e534971", size = 184764, upload-time = "2026-08-03T21:20:03.141Z" },
    { url = "https://files.pythonhosted.org/packages/43/1f/1c3d90d91811c8f86ced9ed637956c54bfe5b79ca98fe976d7f8c8979f6b/cffi-2.1.1-cp313-cp313-manylinux1_i686.manylinux2014_i686.manylinux_2_17_i686.manylinux_2_5_i686.whl", hash = "sha256:6a8dddef476fab96d066d578fc88526767b836ab5ab21754e1d5bf3879c31c7c", size = 214722, upload-time = "2026-08-03T21:20:04.377Z" },
    { url = "https://files.pythonhosted.org/packages/37/6f/3b5ce4c3b2192d250f04908f2bfd91ef34552ec8f7716a5d4abdb8d67bb2/cffi-2.1.1-cp313-cp313-manylinux2014_aarch64.manylinux_2_17_aarch64.whl", hash = "sha256:f16c709686a78c727bbbf059f92b0bf41c6fc60deec706d2dc19f529175a6125", size = 222369, upload-time = "2026-08-03T21:20:05.544Z" },
    { url = "https://files.pythonhosted.org/packages/02/10/4b3c75dde3d9663c9e02ba05c2668b954f671d4bbe346413ca8c696b295a/cffi-2.1.1-cp313-cp313-manylinux2014_ppc64le.manylinux_2_17_ppc64le.whl", hash = "sha256:fcd22650c908d7b7da162bbfaab594a1227a15d1643a98c68b122ac642fa2264", size = 210175, upload-time = "2026-08-03T21:20:06.75Z" },
    { url = "https://files.pythonhosted.org/packages/df/62/14f74b9543e605d17701dc797b815958b8bb70b7624ce1b832ddad48ed6c/cffi-2.1.1-cp313-cp313-manylinux2014_s390x.manylinux_2_17_s390x.whl", hash = "sha256:aa9511c62d14da7aacc9b4bf51f3f697a621e83b2d6919008243c3aad168eea3", size = 208670, upload-time = "2026-08-03T21:20:08.04Z" },
    { url = "https://files.pythonhosted.org/packages/95/95/86342356ff5953b3fb06f7ef7c5bee212d45e770abc7218d451b9148313c/cffi-2.1.1-cp313-cp313-manylinux2014_x86_64.manylinux_2_17_x86_64.whl", hash = "sha256:a931079504ecc49efed7744c476a5c343a92fabf66dec2db95edb1b2fdc770e2", size = 221824, upload-time = "2026-08-03T21:20:09.274Z" },
    { url = "https://files.pythonhosted.org/packages/eb/ff/7b3429ff53aafe931ed8a5fc69f481bbef7ba6de87ddcbb63d08f483f613/cffi-2.1.1-cp313-cp313-musllinux_1_2_aarch64.whl", hash = "sha256:a2d7755bef5a12ed488f4ef1f1b69ee9191d7396083b755a5d2295f6edb4768b", size = 225148, upload-time = "2026-08-03T21:20:10.7Z" },
    { url = "https://files.pythonhosted.org/packages/34/34/a95870b9221e09cf4f2ce3178b1a210abdfe63a1bd357da940418d7b8d15/cffi-2.1.1-cp313-cp313-musllinux_1_2_x86_64.whl", hash = "sha256:e0bcb7e0f677f543555d2adff3bf19c05f66cdb4796e5ff602442ab2fe3c4ef7", size = 223564, upload-time = "2026-08-03T21:20:12.165Z" },
    { url = "https://files.pythonhosted.org/packages/70/ea/839b50531021a647fb5e929f72cf97bc1ff702b5472166164b5b6e76b851/cffi-2.1.1-cp313-cp313-win32.whl", hash = "sha256:334644fbac4eff73d985a17a91226df55d0f394160c4cfb880e084c8f7161cac", size = 175263, upload-time = "2026-08-03T21:20:13.559Z" },
    { url = "https://files.pythonhosted.org/packages/60/a6/8b149b2c3f2e11aaa1618ef64500b45f50f22c57a977a4dff1aff1f91042/cffi-2.1.1-cp313-cp313-win_amd64.whl", hash = "sha256:1aa5645c30469b09530c4ebca77ebf8f17618293c58f8549cb1a543a50236e7d", size = 185688, upload-time = "2026-08-03T21:20:14.69Z" },
    { url = "https://files.pythonhosted.org/packages/01/9a/11f687cb39d6a3504060d5242f04f48c735afb4d3d533958a20594890cb2/cffi-2.1.1-cp313-cp313-win_arm64.whl", hash = "sha256:63bbfd5ded17c4840ac07cd8f1c21ba9d9708141f840b324f422f41b207e3973", size = 180078, upload-time = "2026-08-03T21:20:15.917Z" },
    { url = "https://files.pythonhosted.org/packages/d3/7b/d6bbf82b8b96e7391438898c42f5bd96dd02030fd5b64937d248220003e2/cffi-2.1.1-cp314-cp314-ios_13_0_arm64_iphoneos.whl", hash = "sha256:7dbb61fe3a7699468030f71bbe5f8a0e326a151daa91beb11a6fc1f980c55e1c", size = 194064, upload-time = "2026-08-03T21:20:17.148Z" },
    { url = "https://files.pythonhosted.org/packages/94/e6/bcc91b283be94735e268487a054004f0aa19947b6348fa367db53230abc8/cffi-2.1.1-cp314-cp314-ios_13_0_arm64_iphonesimulator.whl", hash = "sha256:f24fb43132a4c6b4cb4eb029492919b2db645be6808d738f244fd146c03c32cb", size = 196720, upload-time = "2026-08-03T21:20:18.268Z" },
    { url = "https://files.pythonhosted.org/packages/d9/99/c4b0c17cacdc9c3b8f280026286a9826d6a208c0f047591a3c3ce99b91fd/cffi-2.1.1-cp314-cp314-macosx_10_15_x86_64.whl", hash = "sha256:d28630f5854ab07ab1fd4aba756de52326c82e6be15d414b12793f1975048b54", size = 184964, upload-time = "2026-08-03T21:20:19.708Z" },
    { url = "https://files.pythonhosted.org/packages/b3/a9/9db617d05d7367c1ad0ab00b3aa6e6f9281edd689b4ee9ea0e5a84e89c97/cffi-2.1.1-cp314-cp314-macosx_11_0_arm64.whl", hash = "sha256:661c298b4821edebead0c91edd2b00374d67ad7c5a1f7a91d4442633b79d6a72", size = 184962, upload-time = "2026-08-03T21:20:20.833Z" },
    { url = "https://files.pythonhosted.org/packages/67/b8/b42132ca113dc567d37684437b46ca1dafc885902b02a110a02d5b511857/cffi-2.1.1-cp314-cp314-manylinux2014_aarch64.manylinux_2_17_aarch64.whl", hash = "sha256:58acb8ab8e295e6c5ea12f888cbb13cf21511ef2a3303a23f4325c29d17fe5c1", size = 222328, upload-time = "2026-08-03T21:20:22.118Z" },
    { url = "https://files.pythonhosted.org/packages/80/10/c5c0cbf0a657aecf59ef511409734230bf556f05a0d6c9eed7aa5c0a0166/cffi-2.1.1-cp314-cp314-manylinux2014_ppc64le.manylinux_2_17_ppc64le.whl", hash = "sha256:456a61fa52d579ebf9df2e9552ead5129855dbaff6c1e5a9b1bc408809bdc062", size = 209985, upload-time = "2026-08-03T21:20:23.401Z" },
    { url = "https://files.pythonhosted.org/packages/d5/6c/bfa0b87b03b9238148beca990292843c9396ba069b54496596594173de7b/cffi-2.1.1-cp314-cp314-manylinux2014_s390x.manylinux_2_17_s390x.whl", hash = "sha256:a4f00aa42f75d6e4595e8866e748cc1705adc0cddfeb2ca86d0d03993d63ba03", size = 208530, upload-time = "2026-08-03T21:20:24.628Z" },
    { url = "https://files.pythonhosted.org/packages/e9/02/4e7d553a7ac4b4238b38b3c1b80d486e9d4436f8d2acbf87a0997fe3f402/cffi-2.1.1-cp314-cp314-manylinux2014_x86_64.manylinux_2_17_x86_64.whl", hash = "sha256:b0431303acaea1089ad4b3e9ce4e6518193def1118d4073ca848635ee4ea2e96", size = 221525, upload-time = "2026-08-03T21:20:25.758Z" },
    { url = "https://files.pythonhosted.org/packages/82/1d/a4aaf9babd75acb4d5f223bff71533bee748dd770a382619a798960ee9ba/cffi-2.1.1-cp314-cp314-musllinux_1_2_aarch64.whl", hash = "sha256:64faea20f4e2613363a1a9b9c7dd73058f3ecd00133a511e72ad7c511658f527", size = 225053, upload-time = "2026-08-03T21:20:26.985Z" },
    { url = "https://files.pythonhosted.org/packages/81/10/5dc0e7bdd18e22107054288283380fc97a06ae3f1656a106908d666a3c88/cffi-2.1.1-cp314-cp314-musllinux_1_2_x86_64.whl", hash = "sha256:5c58fe613dc5e5336357eff555824a314d8e43282600435c8d1cb6a7a2fedd13", size = 223213, upload-time = "2026-08-03T21:20:28.277Z" },
    { url = "https://files.pythonhosted.org/packages/0b/e9/d0061c364cde06ee43168a0d076ac1da512cbc380d44767b844ba34fe2b6/cffi-2.1.1-cp314-cp314-win32.whl", hash = "sha256:1a18a57b58cfb21fc28d72e876acf10eaed67a1ed96226f92af4df681d571c4c", size = 177682, upload-time = "2026-08-03T21:20:44.288Z" },
    { url = "https://files.pythonhosted.org/packages/a7/06/1c3e01e3ba14c39f6d10bfbac52753b7e22259e38088e5cfe1d704918690/cffi-2.1.1-cp314-cp314-win_amd64.whl", hash = "sha256:3222ba5d678f80a030e6afbcc33dc1ae5cb45facabb61cee2c7016b8432fde48", size = 187949, upload-time = "2026-08-03T21:20:45.623Z" },
    { url = "https://files.pythonhosted.org/packages/87/5b/da4e39efe18eeb89cf580ea9cfc66b6a7c3eadb808fc0cc1d3a295cb5a5d/cffi-2.1.1-cp314-cp314-win_arm64.whl", hash = "sha256:ab36d55f9ed2d067327667c2fea18dda018eb628dd6347aa01dda6cf1f5d3836", size = 182947, upload-time = "2026-08-03T21:20:46.955Z" },
    { url = "https://files.pythonhosted.org/packages/23/59/40338bf421c5accea1d45158170c87006ef1cd371b05c077e76476949728/cffi-2.1.1-cp314-cp314t-macosx_10_15_x86_64.whl", hash = "sha256:7750c6449dff7864bb9bb27ddfb0267756189201a3afc911d82b3caacd70dfc3", size = 188504, upload-time = "2026-08-03T21:20:29.495Z" },
    { url = "https://files.pythonhosted.org/packages/7d/47/5ecf1023850036e674c77ec4de86182d309ae344e39e7cba984b7df5d647/cffi-2.1.1-cp314-cp314t-macosx_11_0_arm64.whl", hash = "sha256:0beceaabe56af686895136a2de78db54ecd8e4046b236b8fd6d6cb61389e9bf2", size = 188259, upload-time = "2026-08-03T21:20:31.291Z" },
    { url = "https://files.pythonhosted.org/packages/2a/9c/92934c3bea9f785b23eba304538c0b4d37a2a96d2431eb3a1bc87a11aa19/cffi-2.1.1-cp314-cp314t-manylinux2014_aarch64.manylinux_2_17_aarch64.whl", hash = "sha256:49cbc70e6542d4ccccb936558d1064a8012541e78f821f955cff24e357776c94", size = 223864, upload-time = "2026-08-03T21:20:32.571Z" },
    { url = "https://files.pythonhosted.org/packages/4d/45/ba4c93527bc38616a8bd36488acb69a2212d60486794f0c1f318949bbb76/cffi-2.1.1-cp314-cp314t-manylinux2014_ppc64le.manylinux_2_17_ppc64le.whl", hash = "sha256:e2d65b31f36619cda3999b78b2aa9632e76b78448e7a56fc4240824200e7c4fc", size = 211538, upload-time = "2026-08-03T21:20:33.808Z" },
    { url = "https://files.pythonhosted.org/packages/80/e9/b6ef565e452acb932fb0cb5443f44a78efbd1233e566f02b5a83855e9115/cffi-2.1.1-cp314-cp314t-manylinux2014_s390x.manylinux_2_17_s390x.whl", hash = "sha256:28907ab9bfb6aa13184cfc17c6b8e1023c5ab6fd7076d8c20a35e59fe04f8f29", size = 210688, upload-time = "2026-08-03T21:20:34.974Z" },
    { url = "https://files.pythonhosted.org/packages/9a/95/eff5f0cee78d2eabc7eebffec40d3fc1876b5f3c95582e018bb4b99601f2/cffi-2.1.1-cp314-cp314t-manylinux2014_x86_64.manylinux_2_17_x86_64.whl", hash = "sha256:51b31d1c98274844cfd7838ce00bfc27c7423a4dc00fc0772fc3331c2cc90676", size = 223803, upload-time = "2026-08-03T21:20:36.564Z" },
    { url = "https://files.pythonhosted.org/packages/fa/01/579d39fb8bef00a335a23d83757b44feb24cd6345a2c451b64cb67b9c362/cffi-2.1.1-cp314-cp314t-musllinux_1_2_aarch64.whl", hash = "sha256:5e7cecbaadb83884793e05828cee59b210b24583b9c7425d0ba6a754fe22eb4e", size = 226763, upload-time = "2026-08-03T21:20:37.816Z" },
    { url = "https://files.pythonhosted.org/packages/8d/b0/0b44f47c60b01b57b6e2bbd92343f13a85a1d93bc46ccf6e47e244acd99c/cffi-2.1.1-cp314-cp314t-musllinux_1_2_x86_64.whl", hash = "sha256:25792eac27877609e7bb06d42ff88278a6624fff2ba9bbb523c09616b117e80f", size = 225688, upload-time = "2026-08-03T21:20:38.959Z" },
    { url = "https://files.pythonhosted.org/packages/eb/d2/3b7176cb570a1d3e27faf67b72f591af508036e0d8b2be2ef9af9e8c84bb/cffi-2.1.1-cp314-cp314t-win32.whl", hash = "sha256:8ef53b2de9bcb9197d31854256575d59dbac0cba72ac627bb291ef5eceb74be4", size = 182868, upload-time = "2026-08-03T21:20:40.388Z" },
    { url = "https://files.pythonhosted.org/packages/56/78/31f00c1bcd97c9bbf55f1bfdf5bc809a5de8887473e90bb9960dca825e80/cffi-2.1.1-cp314-cp314t-win_amd64.whl", hash = "sha256:616f097f2fe415bc92a247f02e11f634e1f9e9a83d327e3c915c15089c87869e", size = 194104, upload-time = "2026-08-03T21:20:41.725Z" },
    { url = "https://files.pythonhosted.org/packages/7b/1b/58496f2ed0a35de575250c02a43ab3cc2c04d494a88fed31c1cabc0fd176/cffi-2.1.1-cp314-cp314t-win_arm64.whl", hash = "sha256:ad2c86c495b899d862ea0f4b42891b8713a3bd45dd4105c7fd51c2a72f39f3a5", size = 186402, upload-time = "2026-08-03T21:20:43.042Z" },
    { url = "https://files.pythonhosted.org/packages/c1/8f/9ebe220eab48a093d1a5a5e339ab0dc7316eef3bb04d63c42f0251b61f50/cffi-2.1.1-cp315-cp315-ios_13_0_arm64_iphoneos.whl", hash = "sha256:dddad92b554513a31f272570678ba307fb9f618f05e3d4a5eacafff9eae03e1d", size = 194043, upload-time = "2026-08-03T21:20:48.179Z" },
    { url = "https://files.pythonhosted.org/packages/ff/69/844bad3ece306c4782c2ecb93597035b6690d48704b803914c199da1e8b3/cffi-2.1.1-cp315-cp315-ios_13_0_arm64_iphonesimulator.whl", hash = "sha256:da0e573f9f97159390c89d9f1a9e41908b66d408cc5b58d08cf3847d844c531b", size = 196737, upload-time = "2026-08-03T21:20:49.457Z" },
    { url = "https://files.pythonhosted.org/packages/1b/8a/af668013284634733f02d683458a0728739c7d6ddb5e14cb0c20832266fe/cffi-2.1.1-cp315-cp315-macosx_10_15_x86_64.whl", hash = "sha256:fb92203a88b3d3053034db775110081c49d28be6551923805e039924093761e4", size = 184933, upload-time = "2026-08-03T21:20:50.639Z" },
    { url = "https://files.pythonhosted.org/packages/0c/75/2f5207ff6d1a613133b23a5203cc0c2a628313b5eb3974d7956ae3c57950/cffi-2.1.1-cp315-cp315-macosx_11_0_arm64.whl", hash = "sha256:2ae64be792b8966f2c69538199728b290e34726562896df1e5dc8ffd8d8188e8", size = 185002, upload-time = "2026-08-03T21:20:52.173Z" },
    { url = "https://files.pythonhosted.org/packages/e2/31/9e1313b0a6e30e91b3b3d3fff51ae99c857c07738e3afcce1f7334e1b7ab/cffi-2.1.1-cp315-cp315-manylinux2014_aarch64.manylinux_2_17_aarch64.whl", hash = "sha256:507a24c282e0f42f8ed737cf048572cbf580468da5555764a8331735e9c736b6", size = 222271, upload-time = "2026-08-03T21:20:53.462Z" },
    { url = "https://files.pythonhosted.org/packages/50/e3/f6234a833e6e08c7007003074723c406559eecf9b48dfc97471e5a8eb7a0/cffi-2.1.1-cp315-cp315-manylinux2014_ppc64le.manylinux_2_17_ppc64le.whl", hash = "sha256:246fa40ce8645a614ff682e0b70f37134e460eaf93a775e0cbe3cca585a67a80", size = 209919, upload-time = "2026-08-03T21:20:54.783Z" },
    { url = "https://files.pythonhosted.org/packages/0d/fc/5f74e293fced6edb51af3a46c4ccf6c23c9943774ecb375ddbd522c76add/cffi-2.1.1-cp315-cp315-manylinux2014_s390x.manylinux_2_17_s390x.whl", hash = "sha256:471cee653ae88de62096552e6d24ccb4a5adb8c8c9f10b5054d0122c15bf2779", size = 208529, upload-time = "2026-08-03T21:20:56.066Z" },
    { url = "https://files.pythonhosted.org/packages/44/16/29e6d01b388bef055ecd6ca8244b3f4d336bd09e92d5d892187b9601084e/cffi-2.1.1-cp315-cp315-manylinux2014_x86_64.manylinux_2_17_x86_64.whl", hash = "sha256:aeae0e330c9f6acd681f647d46cefd30c29f93e3392882e792e82080c9691399", size = 221630, upload-time = "2026-08-03T21:20:57.336Z" },
    { url = "https://files.pythonhosted.org/packages/a4/18/fa7f1f6857d5eb88a4ca99ffcbfb7c387a287ccc154c64a73e86314745d7/cffi-2.1.1-cp315-cp315-musllinux_1_2_aarch64.whl", hash = "sha256:42a494cee34437f05546455144f2b5d9ac09b1face62bcfce597d2e521066688", size = 225134, upload-time = "2026-08-03T21:20:58.675Z" },
    { url = "https://files.pythonhosted.org/packages/e0/9f/e8e3dfa04a1b4c241f8c91faacad872b4d4efd051d49764ad4e2fd4b9fea/cffi-2.1.1-cp315-cp315-musllinux_1_2_x86_64.whl", hash = "sha256:cc572dace3f60ef98d7b12ff411d20f5362feb31a0439eab0085bbfd349982d7", size = 223197, upload-time = "2026-08-03T21:20:59.968Z" },
    { url = "https://files.pythonhosted.org/packages/f8/7e/8debeb04f1ab9fe2a6963964cd6f1aaf7192627b83926586a6a4e089c9fa/cffi-2.1.1-cp315-cp315-win32.whl", hash = "sha256:4f42141fc14250de6dde5ee7ea4432be017252d91f19c5ad043c084cea629cac", size = 177683, upload-time = "2026-08-03T21:21:14.901Z" },
    { url = "https://files.pythonhosted.org/packages/e0/31/5158704cc474ab65c1647932e88be78dc0873f47130e253be38bcaf13d01/cffi-2.1.1-cp315-cp315-win_amd64.whl", hash = "sha256:e6e8cff14d6fb0be70a09c0bdc58096f501952d04624ebf867e0e56da2df8960", size = 187897, upload-time = "2026-08-03T21:21:16.108Z" },
    { url = "https://files.pythonhosted.org/packages/cc/4b/b3a2da8570c704ffc0f9762cdc3ec0f02c8573798e0b5cf7f11c82bbb70f/cffi-2.1.1-cp315-cp315-win_arm64.whl", hash = "sha256:27350daa11d4f10c540e6e89dada4c54feb7256ad03e9a4dc075ebad7ba360d1", size = 182935, upload-time = "2026-08-03T21:21:17.271Z" },
    { url = "https://files.pythonhosted.org/packages/d0/ef/5443574510a1207e6f6bc38ba6e1f1de36cb48fef07b2728bb896a21f430/cffi-2.1.1-cp315-cp315t-macosx_10_15_x86_64.whl", hash = "sha256:c26608d2222fb1e94487e4a387d85f13eb55d5ed725cb25a0c589ac4ee60e7bc", size = 188464, upload-time = "2026-08-03T21:21:01.163Z" },
    { url = "https://files.pythonhosted.org/packages/7e/ae/a56fa8c4686ad50e148fcbc8d3ae0d03915ff5c30d795058988c24118cef/cffi-2.1.1-cp315-cp315t-macosx_11_0_arm64.whl", hash = "sha256:4be96343e422f2dfcd12ab5c9f5aebe03f82f737c6bffeca6830b3875cb44aab", size = 188262, upload-time = "2026-08-03T21:21:02.382Z" },
    { url = "https://files.pythonhosted.org/packages/53/b2/6187f46f2912276a3ae284076109cc5c8680482f11f766ccf26db4a86427/cffi-2.1.1-cp315-cp315t-manylinux2014_aarch64.manylinux_2_17_aarch64.whl", hash = "sha256:937c0052c05a31ca1daf18de3158eed4dbfcb9cc107adbea227728d647be701e", size = 223779, upload-time = "2026-08-03T21:21:03.553Z" },
    { url = "https://files.pythonhosted.org/packages/8a/f6/c3ad28bd19f77047a03084424fbd4cbe997303267c14423737324be0385d/cffi-2.1.1-cp315-cp315t-manylinux2014_ppc64le.manylinux_2_17_ppc64le.whl", hash = "sha256:df423d40ee8654634421812bc3b196da3f9bd7d32929da813f8394c4348a5358", size = 211520, upload-time = "2026-08-03T21:21:04.863Z" },
    { url = "https://files.pythonhosted.org/packages/a0/cd/ccac9013a5bd9fd764de118674ab9c805b5ca10c19270d90ee273f8b2240/cffi-2.1.1-cp315-cp315t-manylinux2014_s390x.manylinux_2_17_s390x.whl", hash = "sha256:a730a083190634c65cca36ba5f489531576ebd79bcd5c8e172130f6453127231", size = 210673, upload-time = "2026-08-03T21:21:06.223Z" },
    { url = "https://files.pythonhosted.org/packages/52/86/2976131c639aead931c5bee5aba67e4b09fbeb8018b6f282f70803f923a7/cffi-2.1.1-cp315-cp315t-manylinux2014_x86_64.manylinux_2_17_x86_64.whl", hash = "sha256:363e05fa78e15116c3c32c210ee36884fd6b9afa6d440e47112c3bd511d64cb6", size = 223835, upload-time = "2026-08-03T21:21:07.539Z" },
    { url = "https://files.pythonhosted.org/packages/ac/0c/33a7aeab2f9c76918c52e084beb39c570db3588133412929e8ec06fab90b/cffi-2.1.1-cp315-cp315t-musllinux_1_2_aarch64.whl", hash = "sha256:770de9db11e84213beec501cfcaa013b019820ca881e03344dea5844f7876d94", size = 226705, upload-time = "2026-08-03T21:21:08.774Z" },
    { url = "https://files.pythonhosted.org/packages/e3/26/2cde30fdde421130bfc18f70395731a6e6b2053c6a1978a5258ff04e72fa/cffi-2.1.1-cp315-cp315t-musllinux_1_2_x86_64.whl", hash = "sha256:7da0c5eff80f0197f3b3d1232ec5a682a9325f4ae9016a78f5f5ca35f9ced1f5", size = 225539, upload-time = "2026-08-03T21:21:09.911Z" },
    { url = "https://files.pythonhosted.org/packages/6d/cd/a361394c94b2129d604bb846f624a8e88255a3ee33129c434a00d715e64f/cffi-2.1.1-cp315-cp315t-win32.whl", hash = "sha256:06c72bb76605a4b0cd0aad6930b69d4baf7dd5d806cfc409b824191099700e66", size = 182707, upload-time = "2026-08-03T21:21:11.226Z" },
    { url = "https://files.pythonhosted.org/packages/9b/b5/ba2b299993c26577d529b6ae29841f9e15b9fcf004d65f423f4fcf94ade9/cffi-2.1.1-cp315-cp315t-win_amd64.whl", hash = "sha256:d9c275eaacd24aa73f94ffd6de08fc3f932424d8b6c376f4bed7cde376fe7bc3", size = 193772, upload-time = "2026-08-03T21:21:12.39Z" },
    { url = "https://files.pythonhosted.org/packages/aa/29/35e016098c814cd93de9cd320c66b5bfba14dc6ecedd3cb518fa7c408c69/cffi-2.1.1-cp315-cp315t-win_arm64.whl", hash = "sha256:d18e5ac0f2f03f4f518d3e23db0f0cad7faa1da8620e9c09461d443bbf6e6692", size = 186360, upload-time = "2026-08-03T21:21:13.636Z" },
]

[[package]]
name = "colorama"
version = "0.4.6"
source = { registry = "https://pypi.org/simple" }
sdist = { url = "https://files.pythonhosted.org/packages/d8/53/6f443c9a4a8358a93a6792e2acffb9d9d5cb0a5cfd8802644b7b1c9a02e4/colorama-0.4.6.tar.gz", hash = "sha256:08695f5cb7ed6e0531a20572697297273c47b8cae5a63ffc6d6ed5c201be6e44", size = 27697, upload-time = "2022-10-25T02:36:22.414Z" }
wheels = [
    { url = "https://files.pythonhosted.org/packages/d1/d6/3965ed04c63042e047cb6a3e6ed1a63a35087b6a609aa3a15ed8ac56c221/colorama-0.4.6-py2.py3-none-any.whl", hash = "sha256:4f1d9991f5acc0ca119f9d443620b77f9d6b33703e51011c16baf57afb285fc6", size = 25335, upload-time = "2022-10-25T02:36:20.889Z" },
]

[[package]]
name = "ifaddr"
version = "0.2.0"
source = { registry = "https://pypi.org/simple" }
sdist = { url = "https://files.pythonhosted.org/packages/e8/ac/fb4c578f4a3256561548cd825646680edcadb9440f3f68add95ade1eb791/ifaddr-0.2.0.tar.gz", hash = "sha256:cc0cbfcaabf765d44595825fb96a99bb12c79716b73b44330ea38ee2b0c4aed4", size = 10485, upload-time = "2022-06-15T21:40:27.561Z" }
wheels = [
    { url = "https://files.pythonhosted.org/packages/9c/1f/19ebc343cc71a7ffa78f17018535adc5cbdd87afb31d7c34874680148b32/ifaddr-0.2.0-py3-none-any.whl", hash = "sha256:085e0305cfe6f16ab12d72e2024030f5d52674afad6911bb1eee207177b8a748", size = 12314, upload-time = "2022-06-15T21:40:25.756Z" },
]

[[package]]
name = "iniconfig"
version = "2.3.0"
source = { registry = "https://pypi.org/simple" }
sdist = { url = "https://files.pythonhosted.org/packages/72/34/14ca021ce8e5dfedc35312d08ba8bf51fdd999c576889fc2c24cb97f4f10/iniconfig-2.3.0.tar.gz", hash = "sha256:c76315c77db068650d49c5b56314774a7804df16fee4402c1f19d6d15d8c4730", size = 20503, upload-time = "2025-10-18T21:55:43.219Z" }
wheels = [
    { url = "https://files.pythonhosted.org/packages/cb/b1/3846dd7f199d53cb17f49cba7e651e9ce294d8497c8c150530ed11865bb8/iniconfig-2.3.0-py3-none-any.whl", hash = "sha256:f631c04d2c48c52b84d0d0549c99ff3859c98df65b3101406327ecc7d53fbf12", size = 7484, upload-time = "2025-10-18T21:55:41.639Z" },
]

[[package]]
name = "motoparty-peer"
version = "0.1.0"
source = { editable = "." }
dependencies = [
    { name = "sounddevice" },
    { name = "zeroconf" },
]

[package.dev-dependencies]
dev = [
    { name = "pytest" },
]

[package.metadata]
requires-dist = [
    { name = "sounddevice", specifier = ">=0.5.6" },
    { name = "zeroconf", specifier = ">=0.151.3" },
]

[package.metadata.requires-dev]
dev = [{ name = "pytest", specifier = ">=9.1.1" }]

[[package]]
name = "packaging"
version = "26.3"
source = { registry = "https://pypi.org/simple" }
sdist = { url = "https://files.pythonhosted.org/packages/7d/fa/3944b40b07da9ce895c0e6303a5ab7d53da063554f534556b134a54d6093/packaging-26.3.tar.gz", hash = "sha256:94edc256424af38762eb31306eed28beb9f0efc50a8837492c9d6fd6004aed79", size = 313412, upload-time = "2026-08-04T18:15:28.737Z" }
wheels = [
    { url = "https://files.pythonhosted.org/packages/63/34/ba1c580383c9eada3711951fef0795c80b829a078d72188184bcab9dd527/packaging-26.3-py3-none-any.whl", hash = "sha256:d7193f7c8e4e93f444fde0262bf90af30e16fa0ad0ad44cb553c87339b23cd1c", size = 129956, upload-time = "2026-08-04T18:15:27.159Z" },
]

[[package]]
name = "pluggy"
version = "1.6.0"
source = { registry = "https://pypi.org/simple" }
sdist = { url = "https://files.pythonhosted.org/packages/f9/e2/3e91f31a7d2b083fe6ef3fa267035b518369d9511ffab804f839851d2779/pluggy-1.6.0.tar.gz", hash = "sha256:7dcc130b76258d33b90f61b658791dede3486c3e6bfb003ee5c9bfb396dd22f3", size = 69412, upload-time = "2025-05-15T12:30:07.975Z" }
wheels = [
    { url = "https://files.pythonhosted.org/packages/54/20/4d324d65cc6d9205fabedc306948156824eb9f0ee1633355a8f7ec5c66bf/pluggy-1.6.0-py3-none-any.whl", hash = "sha256:e920276dd6813095e9377c0bc5566d94c932c33b27a3e3945d8389c374dd4746", size = 20538, upload-time = "2025-05-15T12:30:06.134Z" },
]

[[package]]
name = "pycparser"
version = "3.0"
source = { registry = "https://pypi.org/simple" }
sdist = { url = "https://files.pythonhosted.org/packages/1b/7d/92392ff7815c21062bea51aa7b87d45576f649f16458d78b7cf94b9ab2e6/pycparser-3.0.tar.gz", hash = "sha256:600f49d217304a5902ac3c37e1281c9fe94e4d0489de643a9504c5cdfdfc6b29", size = 103492, upload-time = "2026-01-21T14:26:51.89Z" }
wheels = [
    { url = "https://files.pythonhosted.org/packages/0c/c3/44f3fbbfa403ea2a7c779186dc20772604442dde72947e7d01069cbe98e3/pycparser-3.0-py3-none-any.whl", hash = "sha256:b727414169a36b7d524c1c3e31839a521725078d7b2ff038656844266160a992", size = 48172, upload-time = "2026-01-21T14:26:50.693Z" },
]

[[package]]
name = "pygments"
version = "2.21.0"
source = { registry = "https://pypi.org/simple" }
sdist = { url = "https://files.pythonhosted.org/packages/49/2e/ced460408999b33da6b31b0021b0f37d329e202d4169aeb164493778f25b/pygments-2.21.0.tar.gz", hash = "sha256:610ca751c9bc2492b38eb9a38a7fbc93edbbb2d7182edaf34e66ae493dee5c8c", size = 5005329, upload-time = "2026-08-17T08:02:48.824Z" }
wheels = [
    { url = "https://files.pythonhosted.org/packages/71/46/17f022dd3e953bf20a04a028a21ec746d942f8d2af30fa0f124fa0e6a684/pygments-2.21.0-py3-none-any.whl", hash = "sha256:2363c69b61c4a97c838da3b130dcd6468f4848992b21a82f2a63ec34377137d9", size = 1250147, upload-time = "2026-08-17T08:02:44.912Z" },
]

[[package]]
name = "pytest"
version = "9.1.1"
source = { registry = "https://pypi.org/simple" }
dependencies = [
    { name = "colorama", marker = "sys_platform == 'win32'" },
    { name = "iniconfig" },
    { name = "packaging" },
    { name = "pluggy" },
    { name = "pygments" },
]
sdist = { url = "https://files.pythonhosted.org/packages/e4/47/b9efed96c114afcfa3c9d3fe98a76a1d14c74a9e266d397cf6eb64be5e01/pytest-9.1.1.tar.gz", hash = "sha256:1088fbde8f2b49d95a549a195707afa7a76a3ce9bcadc26b6d71f0ffda5fe313", size = 1636369, upload-time = "2026-06-19T10:58:32.857Z" }
wheels = [
    { url = "https://files.pythonhosted.org/packages/24/25/1de2678b631f5a49215c6c96fff41ba892b0a34df68d6d80292b1b48aa7f/pytest-9.1.1-py3-none-any.whl", hash = "sha256:37a86b45efb9a47a61a36449063e8e18d0cab3161329fc099eb21783169c4f0c", size = 386536, upload-time = "2026-06-19T10:58:31.347Z" },
]

[[package]]
name = "sounddevice"
version = "0.5.6"
source = { registry = "https://pypi.org/simple" }
dependencies = [
    { name = "cffi" },
]
sdist = { url = "https://files.pythonhosted.org/packages/ec/db/0c890e2d9aab9ba284021efc02e1d3aebfecab1b611762d7434602209bcf/sounddevice-0.5.6.tar.gz", hash = "sha256:8ec9fbfde2e32f020b167e348f3ab3bac6625a5f15af524d790108ac7147a410", size = 1120094, upload-time = "2026-08-17T07:55:05.048Z" }
wheels = [
    { url = "https://files.pythonhosted.org/packages/72/1f/62eef605172bddc1017508469a12f75bc7c4194ece35c734f822795f53b1/sounddevice-0.5.6-py3-none-any.whl", hash = "sha256:de099612311ad81e55d31ccbd83f43ea6bf4d87b48f9b6ea55a1fbcde0eee4e0", size = 32793, upload-time = "2026-08-17T07:54:57.507Z" },
    { url = "https://files.pythonhosted.org/packages/b6/84/85e719d49cf98b2f406d9ac9c338892286c4448eb42ef0b2625ccf159616/sounddevice-0.5.6-py3-none-macosx_10_6_x86_64.macosx_10_6_universal2.whl", hash = "sha256:e3aef00ad8b1d1740eb66d9a7671eab88a4d2b8fa4ab33498d742e63b65c309c", size = 1009647, upload-time = "2026-08-17T07:54:58.814Z" },
    { url = "https://files.pythonhosted.org/packages/c5/6f/6292145099f72a153a710245f46ae43e5fb6c77bec1b6086cb76c12dc280/sounddevice-0.5.6-py3-none-win32.whl", hash = "sha256:b36b807eb02abd257198bf84b2af05e4fea199a9d2f0019014169c7136d45e9c", size = 1009627, upload-time = "2026-08-17T07:55:00.401Z" },
    { url = "https://files.pythonhosted.org/packages/8d/3e/cbc593c31a5f0d817b3fe97e64aa8461bd0f55cb07b67ce1b776296ae336/sounddevice-0.5.6-py3-none-win_amd64.whl", hash = "sha256:7f4162f514f007b0bf25a3ccfed3f1705bc2ec311888a90232729eec4f57a4f4", size = 1009630, upload-time = "2026-08-17T07:55:02.088Z" },
    { url = "https://files.pythonhosted.org/packages/60/a4/b0c21c9f215a6fd9606b8f8748c21212dc098e5d5a2d93068c50edcf19b4/sounddevice-0.5.6-py3-none-win_arm64.whl", hash = "sha256:c8ae19173e5f27f8c12d4b5eee2dbfe542cee125d591e663e0fb4dfb75246d45", size = 1009630, upload-time = "2026-08-17T07:55:03.689Z" },
]

[[package]]
name = "zeroconf"
version = "0.151.3"
source = { registry = "https://pypi.org/simple" }
dependencies = [
    { name = "ifaddr" },
]
sdist = { url = "https://files.pythonhosted.org/packages/2b/7f/bb22975bbbc04765920b766e433410422794568053bff0ab5b3f0bf0197c/zeroconf-0.151.3.tar.gz", hash = "sha256:ce6c548e665759b6150cef4db9ab9d7bdd89857e90c513abd6b7340bdd7dbd6a", size = 223165, upload-time = "2026-08-30T03:37:03.973Z" }
wheels = [
    { url = "https://files.pythonhosted.org/packages/ad/6e/1176db8a6e543d15f68bc5cbb4e15d6379884699435dc9872dfd29eabc2f/zeroconf-0.151.3-cp312-cp312-macosx_11_0_arm64.whl", hash = "sha256:dbec6e928e75629063bd29775611c390bbd3737e9a5b6546545bcf6cebbc85d0", size = 1204524, upload-time = "2026-08-30T03:55:50.636Z" },
    { url = "https://files.pythonhosted.org/packages/1f/66/9f042a40238e79a109aefb612b819435afcfd97f2822b750d4ae7a2bfa3a/zeroconf-0.151.3-cp312-cp312-manylinux2014_aarch64.manylinux_2_17_aarch64.manylinux_2_28_aarch64.whl", hash = "sha256:f8193a17d718ae5a9059c4fbbaefbf937c9bb5eeccb9dd66f9aafcacfec4cefc", size = 1367158, upload-time = "2026-08-30T03:55:52.362Z" },
    { url = "https://files.pythonhosted.org/packages/15/6b/f6b5b5994c84b3ed2896112766294196ba278e8733313e48f3ce000e9c7e/zeroconf-0.151.3-cp312-cp312-manylinux2014_armv7l.manylinux_2_17_armv7l.manylinux_2_31_armv7l.whl", hash = "sha256:b76cdefeb7ebe5a3cd8cdd0b1761113d5a64e3031c38c1de873a289ced574eff", size = 1317745, upload-time = "2026-08-30T03:55:54.082Z" },
    { url = "https://files.pythonhosted.org/packages/8a/0e/e9371da3ef71ac66bfe3b3429b2ce5c880afb1471a27d15e1fb266fbc0f7/zeroconf-0.151.3-cp312-cp312-manylinux2014_x86_64.manylinux_2_17_x86_64.manylinux_2_28_x86_64.whl", hash = "sha256:bbd2b73902a44426080190d653fa35638a93b6c6725c2be76888b4b614bc0b48", size = 1424509, upload-time = "2026-08-30T03:55:56.073Z" },
    { url = "https://files.pythonhosted.org/packages/7d/3b/493c53323d5b624b8be12ba545a6824af852b5b41bdbebb2a2fc8dc8a957/zeroconf-0.151.3-cp312-cp312-musllinux_1_2_aarch64.whl", hash = "sha256:d5307ca6ad418200e37dcb12ff5fe5a689f3e559da6342442a82ca98ac703e60", size = 1386503, upload-time = "2026-08-30T03:55:58.278Z" },
    { url = "https://files.pythonhosted.org/packages/d8/1b/5449d434c74a55a401442641578c516e0f2d5c151fba89000e5c2fc2e2e4/zeroconf-0.151.3-cp312-cp312-musllinux_1_2_armv7l.whl", hash = "sha256:b69c26aca186d2b3e4f4b7789a74d9ea81202ecae04105a663939dd85e561d05", size = 1328904, upload-time = "2026-08-30T03:56:00.309Z" },
    { url = "https://files.pythonhosted.org/packages/33/12/dc8da1b4fd168eabf6bc3af77b5b4480063386e8763f76eb55be5933a999/zeroconf-0.151.3-cp312-cp312-musllinux_1_2_x86_64.whl", hash = "sha256:e573682524d71e8e44b6cdbadbeb9c472a8c3af21de7eead794661b250e04fa1", size = 1440967, upload-time = "2026-08-30T03:56:02.272Z" },
    { url = "https://files.pythonhosted.org/packages/f9/c2/61388f441518ba2b04bc66585c4cf245e24659126b49d1c297b173af30d7/zeroconf-0.151.3-cp312-cp312-win32.whl", hash = "sha256:c883d1d64c92df375a6bbee909e65fb76fc47ae92c88261e338bc79b5b505fd5", size = 949339, upload-time = "2026-08-30T03:56:04.224Z" },
    { url = "https://files.pythonhosted.org/packages/3c/89/8336319bf48950316142e6a620eeb3fbbdaef8ce0d2186202ad5c8997cde/zeroconf-0.151.3-cp312-cp312-win_amd64.whl", hash = "sha256:fb1880444668e2a384e925490f1d969ae702bda4472c112a18255446f98ad86b", size = 1074482, upload-time = "2026-08-30T03:56:06.381Z" },
    { url = "https://files.pythonhosted.org/packages/78/75/8c2a773136e779ffd6b78e30e83a6a5add578d5b3f1a6ed5953430aa8641/zeroconf-0.151.3-cp313-cp313-macosx_11_0_arm64.whl", hash = "sha256:7bba8a4e7639c1ae5aee9bcf18d994a8b5fcc00b862ca5e82a52a1134b4bf517", size = 1192005, upload-time = "2026-08-30T03:56:08.472Z" },
    { url = "https://files.pythonhosted.org/packages/e0/d2/a1c5316026abca5d9b66d039911a3b72deb0296b40836cfacc1a171dd44c/zeroconf-0.151.3-cp313-cp313-manylinux2014_aarch64.manylinux_2_17_aarch64.manylinux_2_28_aarch64.whl", hash = "sha256:45bd0e92fcbb6f8d5851f5575792b5f18a85856ae69fee601da4ed3d7cdcfa09", size = 1356429, upload-time = "2026-08-30T03:56:10.331Z" },
    { url = "https://files.pythonhosted.org/packages/42/aa/bc0d96ab5f7ed259faa28e5fd2a3da93039906067270e7ae1a7f494fe7b2/zeroconf-0.151.3-cp313-cp313-manylinux2014_armv7l.manylinux_2_17_armv7l.manylinux_2_31_armv7l.whl", hash = "sha256:07a21a694d9496ab68aba2aa7d9d628e24d6f3f89766a8cac526395cf7bbb4ae", size = 1303278, upload-time = "2026-08-30T03:56:12.311Z" },
    { url = "https://files.pythonhosted.org/packages/62/26/5c48ea0aee6ecc7398f8d7a14373c19dded05e4bdbd250509c0a779763c0/zeroconf-0.151.3-cp313-cp313-manylinux2014_x86_64.manylinux_2_17_x86_64.manylinux_2_28_x86_64.whl", hash = "sha256:7b514f47729ae5b9b42f066163ad509d020c34cacdda3c5efb972f3336213318", size = 1412130, upload-time = "2026-08-30T03:56:14.089Z" },
    { url = "https://files.pythonhosted.org/packages/46/51/7d35d70dcd145c16fe1e0720170978ba86d87cf61e968530fd1f483a57fd/zeroconf-0.151.3-cp313-cp313-musllinux_1_2_aarch64.whl", hash = "sha256:e1aa55ec953ffd0c393d59260a7e26dfd57d6d0347c13c95f9987ff5cfe0d98d", size = 1377835, upload-time = "2026-08-30T03:56:15.898Z" },
    { url = "https://files.pythonhosted.org/packages/57/cc/68dd3edda0f2750219b3c0db3188e4b0e79836ca5725c803122a2413aac7/zeroconf-0.151.3-cp313-cp313-musllinux_1_2_armv7l.whl", hash = "sha256:9bac55a6aa70797b436c2fc0f25435389bc6443bc7ba1b39a459df3173152b63", size = 1319049, upload-time = "2026-08-30T03:56:17.851Z" },
    { url = "https://files.pythonhosted.org/packages/e2/c6/56068d3f508097d90d704209272ee0f17fecb9fa4b14072763e28925c866/zeroconf-0.151.3-cp313-cp313-musllinux_1_2_x86_64.whl", hash = "sha256:d542814f914ee78876276db7417f515f53d33a61b84b68f7256a7a603dc73e59", size = 1429559, upload-time = "2026-08-30T03:56:20.068Z" },
    { url = "https://files.pythonhosted.org/packages/7c/83/f4882b823be36778e2e09bd66b65227a442cb3f1e2eefd13df77db3e4a9f/zeroconf-0.151.3-cp313-cp313-win32.whl", hash = "sha256:2e54bcec212e030b06d9af35b19d5f8144427b52d3fb2c0e06f015a25fe50f08", size = 943302, upload-time = "2026-08-30T03:56:21.969Z" },
    { url = "https://files.pythonhosted.org/packages/28/a7/8723c3390f8d400f6b48a50cecdb1e75b4cc3d4addce33a3ba507475d8b6/zeroconf-0.151.3-cp313-cp313-win_amd64.whl", hash = "sha256:aab19746b9878ed64f7631c0fbe336cec65679c6c31c1489aaea933adf66b2d6", size = 1062264, upload-time = "2026-08-30T03:56:23.989Z" },
    { url = "https://files.pythonhosted.org/packages/3c/41/75bb4653896ba8d880398b9647343903f8423ad1d65b82406f418d10dcb2/zeroconf-0.151.3-cp314-cp314-macosx_11_0_arm64.whl", hash = "sha256:1aa300ba3cc084264b9be6fc2659f003577a1c83bf67920c7cdb4de9b571543a", size = 1204744, upload-time = "2026-08-30T03:56:26.96Z" },
    { url = "https://files.pythonhosted.org/packages/5e/1e/2cfb77b27c361242bdfb7628078566ee29a1eff61926f39955db9243c798/zeroconf-0.151.3-cp314-cp314-manylinux2014_aarch64.manylinux_2_17_aarch64.manylinux_2_28_aarch64.whl", hash = "sha256:2d6cf45c64be5fe4e42ea08f27edc63293357ccc04f850911a96e0fa5647dd4f", size = 1379142, upload-time = "2026-08-30T03:56:29.223Z" },
    { url = "https://files.pythonhosted.org/packages/36/dc/7e89fdf4a403ac052c28e1b9dd89affa99d5b6d7eefac132aeb2d1a1b3ad/zeroconf-0.151.3-cp314-cp314-manylinux2014_armv7l.manylinux_2_17_armv7l.manylinux_2_31_armv7l.whl", hash = "sha256:a91538270ab1e10e0df10c66373e68f6e3e884701593c943e67f82a73ad728f1", size = 1290483, upload-time = "2026-08-30T03:56:31.181Z" },
    { url = "https://files.pythonhosted.org/packages/50/0a/bd5486e2ca8484e8cb31f99270cd40b17c31b1bb93909d4e63eb2a4ce40d/zeroconf-0.151.3-cp314-cp314-manylinux2014_x86_64.manylinux_2_17_x86_64.manylinux_2_28_x86_64.whl", hash = "sha256:b903d00e9689a103d453554d794b8ed0f13148366cee08fa8c802e5d85f1ae51", size = 1417834, upload-time = "2026-08-30T03:56:33.787Z" },
    { url = "https://files.pythonhosted.org/packages/75/13/aa547518e0c54011c21a9897b23ce24e41f07abaf56683565b18b6a262f2/zeroconf-0.151.3-cp314-cp314-manylinux_2_41_x86_64.whl", hash = "sha256:a154a96a84b04b868596ab17eb45c16bf2af25fda8356ea36da35463b25b31bb", size = 1415133, upload-time = "2026-08-30T03:37:01.737Z" },
    { url = "https://files.pythonhosted.org/packages/c6/cf/2d997facc2cab9c1652a1ee950a197af2ce134013c61d902819078d1e26c/zeroconf-0.151.3-cp314-cp314-musllinux_1_2_aarch64.whl", hash = "sha256:59bde1d42ca1e9aa665787d97b0a9d38cfb1466d01bcd28733c21507146e7d85", size = 1398724, upload-time = "2026-08-30T03:56:36.254Z" },
    { url = "https://files.pythonhosted.org/packages/1e/b6/7bb650f1435021154192a26389474df557505dd74d5813946845ebf02fc0/zeroconf-0.151.3-cp314-cp314-musllinux_1_2_armv7l.whl", hash = "sha256:9e260a6f2f4441b83c86981fe29191076b4350d5868b630a6545b386dd4223c4", size = 1303113, upload-time = "2026-08-30T03:56:38.301Z" },
    { url = "https://files.pythonhosted.org/packages/a4/f0/b8d1ea4f112c10865934e08d8bd70b303b06f83191a10460fc00f73b2429/zeroconf-0.151.3-cp314-cp314-musllinux_1_2_x86_64.whl", hash = "sha256:2e42be39f72e06feaadc40509b081ab7c468fed1f19d1dc3714bc0f3a29be2dd", size = 1436013, upload-time = "2026-08-30T03:56:40.439Z" },
    { url = "https://files.pythonhosted.org/packages/a8/0e/eef70ee5509ad2e7adf6e16ec2fb221e624191df5218def7305e9b4fe27a/zeroconf-0.151.3-cp314-cp314-win32.whl", hash = "sha256:df3b7c3166646a941c151da5981640e930658e96829dc6177834e763d8327d8d", size = 965872, upload-time = "2026-08-30T03:56:42.338Z" },
    { url = "https://files.pythonhosted.org/packages/e1/4d/eae1d53c45192df701aeb33eb11f081d5e53eee19c6dbc2d322e5835bcce/zeroconf-0.151.3-cp314-cp314-win_amd64.whl", hash = "sha256:688d0282e94376aec608505266a04b8d36b1f026eabc9237ce2b31e7b8c0f2ee", size = 1088567, upload-time = "2026-08-30T03:56:44.527Z" },
    { url = "https://files.pythonhosted.org/packages/c0/68/a638ba7c55fd6efa320c8a74f9bb3aa492bebb7cacb5d64e9ef81bb5a7b3/zeroconf-0.151.3-cp314-cp314t-macosx_11_0_arm64.whl", hash = "sha256:ed1a629cbed1d040229b0a3fc3447f4c996e184cc4a98afa43e8ab675de07841", size = 2380770, upload-time = "2026-08-30T03:56:46.854Z" },
    { url = "https://files.pythonhosted.org/packages/fc/3c/b215288e31ba7f2a480981fb624b6f775f4a8a0150e6ad1bbe1e3a86d346/zeroconf-0.151.3-cp314-cp314t-manylinux2014_aarch64.manylinux_2_17_aarch64.manylinux_2_28_aarch64.whl", hash = "sha256:f3a404649c8dd1ba3cedbb56807dd2b8339ec27b2864df333f90a98f931a5286", size = 2662639, upload-time = "2026-08-30T03:56:49.309Z" },
    { url = "https://files.pythonhosted.org/packages/45/21/9de0bf38949746c5b1970d39238f412e7fee2c02a8955555a513e3d29f61/zeroconf-0.151.3-cp314-cp314t-manylinux2014_armv7l.manylinux_2_17_armv7l.manylinux_2_31_armv7l.whl", hash = "sha256:7b97d3eb3343627a5b3ce18600f819001fbb8f29271e19beb586c10df8c32654", size = 2462622, upload-time = "2026-08-30T03:56:51.459Z" },
    { url = "https://files.pythonhosted.org/packages/3d/34/ce79fd678342e5b1097ca3c2e77532e3c44e59e77201fb250f3692db796a/zeroconf-0.151.3-cp314-cp314t-manylinux2014_x86_64.manylinux_2_17_x86_64.manylinux_2_28_x86_64.whl", hash = "sha256:022470d54a941805ea30ab57ca2abf443dd6e6a3d79e178149e427864756cd88", size = 2728122, upload-time = "2026-08-30T03:56:53.951Z" },
    { url = "https://files.pythonhosted.org/packages/0a/bc/cacb91069ed488bca6d3ee85705bd5f87ffd2cdafde2ed675e67538ef110/zeroconf-0.151.3-cp314-cp314t-musllinux_1_2_aarch64.whl", hash = "sha256:ab58e7a159b0cc91db41783e2790371bb0ba4a701ab215b3ccce12cdc48a3f81", size = 2706287, upload-time = "2026-08-30T03:56:56.346Z" },
    { url = "https://files.pythonhosted.org/packages/a8/69/b2df94f5a316eb594439fe037ee54f58609d49b4fe309443743034a64555/zeroconf-0.151.3-cp314-cp314t-musllinux_1_2_armv7l.whl", hash = "sha256:fef170e0c995ddeb8828caf07921077f940d634ab6fafd6955f1df88922ee29d", size = 2507474, upload-time = "2026-08-30T03:56:58.764Z" },
    { url = "https://files.pythonhosted.org/packages/34/9a/81f82b423611bca583dc6ad13a1bf062992f12f6a37f40f73afecbd2583d/zeroconf-0.151.3-cp314-cp314t-musllinux_1_2_x86_64.whl", hash = "sha256:5ea24e790f9f4601c7b591395e2b6a0d418345854e395ec65a6f9b4b58da7af3", size = 2767460, upload-time = "2026-08-30T03:57:01.366Z" },
    { url = "https://files.pythonhosted.org/packages/0b/a0/58134b835917f21f0e3b6a4e0052520e7a6750c1aec76c57a8ebdcc0b255/zeroconf-0.151.3-cp314-cp314t-win32.whl", hash = "sha256:38d1373c0e0dee5941cccef5550e0de34a49c2abbd83199b8ef42a42fbc549c6", size = 1901736, upload-time = "2026-08-30T03:57:03.891Z" },
    { url = "https://files.pythonhosted.org/packages/6a/fd/e8e3cae47256b242044ac0c40a0317b6903deaa8889a89de01a026005c9d/zeroconf-0.151.3-cp314-cp314t-win_amd64.whl", hash = "sha256:6bb60b8e80101cc749ff517f0d3fa77c54e6b06f29cba10faea75f32f253cbbd", size = 2147433, upload-time = "2026-08-30T03:57:06.207Z" },
    { url = "https://files.pythonhosted.org/packages/51/4c/5a7f5297dc60a5010252139ec33f53cbcbadf2079cfaa9442a7bcbc0064d/zeroconf-0.151.3-cp315-cp315-macosx_11_0_arm64.whl", hash = "sha256:98c752236f6e2415b33d24e99ae4dee9f36181bc322f2103053f23dc8d699cca", size = 1196598, upload-time = "2026-08-30T03:57:08.501Z" },
    { url = "https://files.pythonhosted.org/packages/45/c0/40f29ce481dd3d3f6ffbbcbee6611851c882dccfb7cd49b4c0c467b25acf/zeroconf-0.151.3-cp315-cp315-manylinux2014_aarch64.manylinux_2_17_aarch64.manylinux_2_28_aarch64.whl", hash = "sha256:fa644376895d00b7a556370c7cc7979af94053c012e61df44d431c25db1ade99", size = 1377809, upload-time = "2026-08-30T03:57:10.771Z" },
    { url = "https://files.pythonhosted.org/packages/e0/9d/e38e41619ebb990be9ad73128687c925805460b9ba9abfcae2e6b418ea4f/zeroconf-0.151.3-cp315-cp315-manylinux2014_x86_64.manylinux_2_17_x86_64.manylinux_2_28_x86_64.whl", hash = "sha256:702f94d6d1a61c01ab68dd3a6e7a0ee9128302d1f79683707e92e9dab46a8e21", size = 1421648, upload-time = "2026-08-30T03:57:13.048Z" },
    { url = "https://files.pythonhosted.org/packages/03/b8/827b94302c57a6bd23cfb4107418c498c1fabf3aca2979138583e636251d/zeroconf-0.151.3-cp315-cp315-musllinux_1_2_aarch64.whl", hash = "sha256:ebdacd288faddd519cef12c87e02f6af1d37ee99e15ad6cd2fd91a8043cb9832", size = 1399597, upload-time = "2026-08-30T03:57:15.341Z" },
    { url = "https://files.pythonhosted.org/packages/86/5d/a1da3294444bdc164a8e32e6e5097b527b468b1fb2f5f959591c9f560c96/zeroconf-0.151.3-cp315-cp315-musllinux_1_2_x86_64.whl", hash = "sha256:89914b9ba91604e9f6c67d115631e74aa03161e415780d8f5dabe0b4e59b31ca", size = 1440182, upload-time = "2026-08-30T03:57:17.599Z" },
    { url = "https://files.pythonhosted.org/packages/2c/d4/676cf3d39996cd8737480397edad9bd4fe06437152e84fc87fe0895379ae/zeroconf-0.151.3-cp315-cp315-win32.whl", hash = "sha256:ec78ae3d72cf6050fcc4179a0c9ecda935b495396336560a26c49f2c0f8bb0ad", size = 964495, upload-time = "2026-08-30T03:57:19.925Z" },
    { url = "https://files.pythonhosted.org/packages/6d/df/e5f37f73091e9aec8073b3d48b5c8571bce8043c6559dba7b866fab8b175/zeroconf-0.151.3-cp315-cp315-win_amd64.whl", hash = "sha256:2904563547eb34368b9b988e657672bad2e7732a4a9990732a9666ae82970c0c", size = 1085942, upload-time = "2026-08-30T03:57:22.258Z" },
    { url = "https://files.pythonhosted.org/packages/1e/cb/af53d0aca5515414cfd22dd6dcf5414aed3d0e1d199fd76e1c2c18cddfc3/zeroconf-0.151.3-cp315-cp315t-macosx_11_0_arm64.whl", hash = "sha256:04f0801e0f9955b44971cd9aac4204c2f3bcca779f4e4bb27d6ef7db5d85f22d", size = 2361936, upload-time = "2026-08-30T03:57:24.516Z" },
    { url = "https://files.pythonhosted.org/packages/b0/70/e926a921da26c1555241f9a2983ce133d7be736cf57077952fea92c6108e/zeroconf-0.151.3-cp315-cp315t-manylinux2014_aarch64.manylinux_2_17_aarch64.manylinux_2_28_aarch64.whl", hash = "sha256:d8d855f783936b7b50a72c30d74330229bbbeda799dfcd1981e0d38973b1ce69", size = 2654892, upload-time = "2026-08-30T03:57:26.93Z" },
    { url = "https://files.pythonhosted.org/packages/94/2a/4a4c9916ed815bab5791f4461e266893792e08d00fa0322019a2b92a1de7/zeroconf-0.151.3-cp315-cp315t-manylinux2014_x86_64.manylinux_2_17_x86_64.manylinux_2_28_x86_64.whl", hash = "sha256:13e3f70fcd64a75eccadfa91baafc9a5e498736299af7511b02421a0f3bcc7a1", size = 2725653, upload-time = "2026-08-30T03:57:29.305Z" },
    { url = "https://files.pythonhosted.org/packages/07/43/d3d723bf42a3131d9c885242875ed80379df3a69026d2acdb0f9e278e1cd/zeroconf-0.151.3-cp315-cp315t-musllinux_1_2_aarch64.whl", hash = "sha256:e226fd343924b685c09f9e20cadf4e50693f08824846feef6c6cb05173e407ad", size = 2702132, upload-time = "2026-08-30T03:57:31.763Z" },
    { url = "https://files.pythonhosted.org/packages/63/53/bbf90065f0f976cbbe052cdf081eb0a2731cf4932fc30024d6b6c444a8f8/zeroconf-0.151.3-cp315-cp315t-musllinux_1_2_x86_64.whl", hash = "sha256:c3e87bb627e469c6e901c47ab9fab3a38e98250dc4032d505cf7f83c2e2eee2f", size = 2765764, upload-time = "2026-08-30T03:57:34.296Z" },
    { url = "https://files.pythonhosted.org/packages/ab/cf/e29b9c2e345c7dbaaebdefb0c052dfd5d438cbe030a582f4ca9939074d77/zeroconf-0.151.3-cp315-cp315t-win32.whl", hash = "sha256:facffd6e4392869b3a53b674df502f9f90846a6ccb70045eebe8e40306f5b0d9", size = 1894792, upload-time = "2026-08-30T03:57:36.66Z" },
    { url = "https://files.pythonhosted.org/packages/71/75/6d141302b3cac1c341f25e624a20a81b2c514037d6319a38ed86d8ca6fad/zeroconf-0.151.3-cp315-cp315t-win_amd64.whl", hash = "sha256:397a824856fad1aea642640bad40e9a52a6ea9fe5ee2954b5ec7f46d9985bf08", size = 2134494, upload-time = "2026-08-30T03:57:39.18Z" },
]
